
Microsoft Visual Studio Solution File, Format Version 12.00
# Visual Studio 15
VisualStudioVersion = 15.0.28307.572
MinimumVisualStudioVersion = 10.0.40219.1
Project("{FAE04EC0-301F-11D3-BF4B-00C04F79EFBC}") = "ltutton.Monads", "ltutton.Monads\ltutton.Monads.csproj", "{84503192-FA1A-4AFC-922D-D88F93908127}"
EndProject
Global
	GlobalSection(SolutionConfigurationPlatforms) = preSolution
		Debug|Any CPU = Debug|Any CPU
		Release|Any CPU = Release|Any CPU
	EndGlobalSection
	GlobalSection(ProjectConfigurationPlatforms) = postSolution
		{84503192-FA1A-4AFC-922D-D88F93908127}.Debug|Any CPU.ActiveCfg = Debug|Any CPU
		{84503192-FA1A-4AFC-922D-D88F93908127}.Debug|Any CPU.Build.0 = Debug|Any CPU
		{84503192-FA1A-4AFC-922D-D88F93908127}.Release|Any CPU.ActiveCfg = Release|Any CPU
		{84503192-FA1A-4AFC-922D-D88F93908127}.Release|Any CPU.Build.0 = Release|Any CPU
	EndGlobalSection
	GlobalSection(SolutionProperties) = preSolution
		HideSolutionNode = FALSE
	EndGlobalSection
	GlobalSection(ExtensibilityGlobals) = postSolution
		SolutionGuid = {58E5C5DF-EDBB-422D-8DBA-B86181AD3CD2}
	EndGlobalSection
EndGlobal
